
Microsoft Visual Studio Solution File, Format Version 12.00
Project("{FAE04EC0-301F-11D3-BF4B-00C04F79EFBC}") = "Robot", "Robot\Robot.csproj", "{EE6C92D2-AABC-4126-9B0A-21A81C9E2DB0}"
EndProject
Project("{FAE04EC0-301F-11D3-BF4B-00C04F79EFBC}") = "Controller", "Controller\Controller.csproj", "{360446A7-320D-49DE-A416-96A4EAAA0061}"
EndProject
Global
	GlobalSection(SolutionConfigurationPlatforms) = preSolution
		Debug|Any CPU = Debug|Any CPU
		Release|Any CPU = Release|Any CPU
	EndGlobalSection
	GlobalSection(ProjectConfigurationPlatforms) = postSolution
		{EE6C92D2-AABC-4126-9B0A-21A81C9E2DB0}.Debug|Any CPU.ActiveCfg = Debug|Any CPU
		{EE6C92D2-AABC-4126-9B0A-21A81C9E2DB0}.Debug|Any CPU.Build.0 = Debug|Any CPU
		{EE6C92D2-AABC-4126-9B0A-21A81C9E2DB0}.Release|Any CPU.ActiveCfg = Release|Any CPU
		{EE6C92D2-AABC-4126-9B0A-21A81C9E2DB0}.Release|Any CPU.Build.0 = Release|Any CPU
		{360446A7-320D-49DE-A416-96A4EAAA0061}.Debug|Any CPU.ActiveCfg = Debug|Any CPU
		{360446A7-320D-49DE-A416-96A4EAAA0061}.Debug|Any CPU.Build.0 = Debug|Any CPU
		{360446A7-320D-49DE-A416-96A4EAAA0061}.Release|Any CPU.ActiveCfg = Release|Any CPU
		{360446A7-320D-49DE-A416-96A4EAAA0061}.Release|Any CPU.Build.0 = Release|Any CPU
	EndGlobalSection
EndGlobal
